Microsoft Visual Studio Solution File, Format Version 12.00
# Visual Studio Version 17
VisualStudioVersion = 17.5.2.0
MinimumVisualStudioVersion = 10.0.40219.1
Project("{FAE04EC0-301F-11D3-BF4B-00C04F79EFBC}") = "TwentyTwentyTray", "TwentyTwentyTray.csproj", "{63D59EB3-34B4-0B75-25CA-315CB94AC3FE}"
EndProject
Global
	GlobalSection(SolutionConfigurationPlatforms) = preSolution
		Debug|Any CPU = Debug|Any CPU
		Release|Any CPU = Release|Any CPU
	EndGlobalSection
	GlobalSection(ProjectConfigurationPlatforms) = postSolution
		{63D59EB3-34B4-0B75-25CA-315CB94AC3FE}.Debug|Any CPU.ActiveCfg = Debug|Any CPU
		{63D59EB3-34B4-0B75-25CA-315CB94AC3FE}.Debug|Any CPU.Build.0 = Debug|Any CPU
		{63D59EB3-34B4-0B75-25CA-315CB94AC3FE}.Release|Any CPU.ActiveCfg = Release|Any CPU
		{63D59EB3-34B4-0B75-25CA-315CB94AC3FE}.Release|Any CPU.Build.0 = Release|Any CPU
	EndGlobalSection
	GlobalSection(SolutionProperties) = preSolution
		HideSolutionNode = FALSE
	EndGlobalSection
	GlobalSection(ExtensibilityGlobals) = postSolution
		SolutionGuid = {17AFC7A8-7B00-44FD-B6B2-C65161CFF817}
	EndGlobalSection
EndGlobal
